
Microsoft Visual Studio Solution File, Format Version 12.00
# Visual Studio Version 17
VisualStudioVersion = 17.13.35825.156 d17.13
MinimumVisualStudioVersion = 10.0.40219.1
Project("{FAE04EC0-301F-11D3-BF4B-00C04F79EFBC}") = "Okul Zili (Mehmet ali rumioglu)", "Okul Zili (Mehmet ali rumioglu).csproj", "{121CF4E3-A369-41F7-836E-6D41835E72EF}"
EndProject
Global
	GlobalSection(SolutionConfigurationPlatforms) = preSolution
		Debug|Any CPU = Debug|Any CPU
		Release|Any CPU = Release|Any CPU
	EndGlobalSection
	GlobalSection(ProjectConfigurationPlatforms) = postSolution
		{121CF4E3-A369-41F7-836E-6D41835E72EF}.Debug|Any CPU.ActiveCfg = Release|Any CPU
		{121CF4E3-A369-41F7-836E-6D41835E72EF}.Debug|Any CPU.Build.0 = Release|Any CPU
		{121CF4E3-A369-41F7-836E-6D41835E72EF}.Release|Any CPU.ActiveCfg = Release|Any CPU
		{121CF4E3-A369-41F7-836E-6D41835E72EF}.Release|Any CPU.Build.0 = Release|Any CPU
	EndGlobalSection
	GlobalSection(SolutionProperties) = preSolution
		HideSolutionNode = FALSE
	EndGlobalSection
	GlobalSection(ExtensibilityGlobals) = postSolution
		SolutionGuid = {280D62AB-6DD4-4272-B5F4-9593B1D9B4F3}
	EndGlobalSection
EndGlobal
